
Microsoft Visual Studio Solution File, Format Version 12.00
# Visual Studio Version 17
VisualStudioVersion = 17.6.33815.320
MinimumVisualStudioVersion = 10.0.40219.1
Project("{FAE04EC0-301F-11D3-BF4B-00C04F79EFBC}") = "Projeto_Venda", "Projeto_Venda.csproj", "{778A032D-BBE5-424C-934A-7D01E06DF2D1}"
EndProject
Global
	GlobalSection(SolutionConfigurationPlatforms) = preSolution
		Debug|Any CPU = Debug|Any CPU
		Release|Any CPU = Release|Any CPU
	EndGlobalSection
	GlobalSection(ProjectConfigurationPlatforms) = postSolution
		{778A032D-BBE5-424C-934A-7D01E06DF2D1}.Debug|Any CPU.ActiveCfg = Debug|Any CPU
		{778A032D-BBE5-424C-934A-7D01E06DF2D1}.Debug|Any CPU.Build.0 = Debug|Any CPU
		{778A032D-BBE5-424C-934A-7D01E06DF2D1}.Release|Any CPU.ActiveCfg = Release|Any CPU
		{778A032D-BBE5-424C-934A-7D01E06DF2D1}.Release|Any CPU.Build.0 = Release|Any CPU
	EndGlobalSection
	GlobalSection(SolutionProperties) = preSolution
		HideSolutionNode = FALSE
	EndGlobalSection
	GlobalSection(ExtensibilityGlobals) = postSolution
		SolutionGuid = {709E36B6-AB17-4DC3-B832-C92CB7906BF2}
	EndGlobalSection
EndGlobal
